
Microsoft Visual Studio Solution File, Format Version 10.00
# Visual Studio 2008
Project("{FAE04EC0-301F-11D3-BF4B-00C04F79EFBC}") = "SMSGateway", "SMSGateway\SMSGateway.csproj", "{6C662F43-12E3-4707-AE08-3FB550648E31}"
EndProject
Global
	GlobalSection(SolutionConfigurationPlatforms) = preSolution
		Debug|Any CPU = Debug|Any CPU
		Release|Any CPU = Release|Any CPU
	EndGlobalSection
	GlobalSection(ProjectConfigurationPlatforms) = postSolution
		{6C662F43-12E3-4707-AE08-3FB550648E31}.Debug|Any CPU.ActiveCfg = Debug|Any CPU
		{6C662F43-12E3-4707-AE08-3FB550648E31}.Debug|Any CPU.Build.0 = Debug|Any CPU
		{6C662F43-12E3-4707-AE08-3FB550648E31}.Release|Any CPU.ActiveCfg = Release|Any CPU
		{6C662F43-12E3-4707-AE08-3FB550648E31}.Release|Any CPU.Build.0 = Release|Any CPU
	EndGlobalSection
	GlobalSection(SolutionProperties) = preSolution
		HideSolutionNode = FALSE
	EndGlobalSection
EndGlobal
