
Microsoft Visual Studio Solution File, Format Version 10.00
# Visual Studio 2008
Project("{FAE04EC0-301F-11D3-BF4B-00C04F79EFBC}") = "SMSAlertReader", "SMSAlertReader.csproj", "{9F7AFE3C-D698-4B57-9A4A-ADEFA09B5113}"
EndProject
Global
	GlobalSection(SolutionConfigurationPlatforms) = preSolution
		Debug|Any CPU = Debug|Any CPU
		Release|Any CPU = Release|Any CPU
	EndGlobalSection
	GlobalSection(ProjectConfigurationPlatforms) = postSolution
		{9F7AFE3C-D698-4B57-9A4A-ADEFA09B5113}.Debug|Any CPU.ActiveCfg = Debug|Any CPU
		{9F7AFE3C-D698-4B57-9A4A-ADEFA09B5113}.Debug|Any CPU.Build.0 = Debug|Any CPU
		{9F7AFE3C-D698-4B57-9A4A-ADEFA09B5113}.Release|Any CPU.ActiveCfg = Release|Any CPU
		{9F7AFE3C-D698-4B57-9A4A-ADEFA09B5113}.Release|Any CPU.Build.0 = Release|Any CPU
	EndGlobalSection
	GlobalSection(SolutionProperties) = preSolution
		HideSolutionNode = FALSE
	EndGlobalSection
EndGlobal
