
Microsoft Visual Studio Solution File, Format Version 10.00
# Visual Studio 2008
Project("{FAE04EC0-301F-11D3-BF4B-00C04F79EFBC}") = "Confero", "Confero\Confero.csproj", "{212E62F7-A8CC-4489-9A47-88555DCC930D}"
EndProject
Project("{FAE04EC0-301F-11D3-BF4B-00C04F79EFBC}") = "WebBrowserProject", "..\WebBrowser\WebBrowser\WebBrowserProject.csproj", "{93C7F586-B55B-4749-8262-95C64782C62C}"
EndProject
Global
	GlobalSection(SolutionConfigurationPlatforms) = preSolution
		Debug|Any CPU = Debug|Any CPU
		Release|Any CPU = Release|Any CPU
	EndGlobalSection
	GlobalSection(ProjectConfigurationPlatforms) = postSolution
		{212E62F7-A8CC-4489-9A47-88555DCC930D}.Debug|Any CPU.ActiveCfg = Debug|Any CPU
		{212E62F7-A8CC-4489-9A47-88555DCC930D}.Debug|Any CPU.Build.0 = Debug|Any CPU
		{212E62F7-A8CC-4489-9A47-88555DCC930D}.Release|Any CPU.ActiveCfg = Release|Any CPU
		{212E62F7-A8CC-4489-9A47-88555DCC930D}.Release|Any CPU.Build.0 = Release|Any CPU
		{93C7F586-B55B-4749-8262-95C64782C62C}.Debug|Any CPU.ActiveCfg = Debug|Any CPU
		{93C7F586-B55B-4749-8262-95C64782C62C}.Debug|Any CPU.Build.0 = Debug|Any CPU
		{93C7F586-B55B-4749-8262-95C64782C62C}.Release|Any CPU.ActiveCfg = Release|Any CPU
		{93C7F586-B55B-4749-8262-95C64782C62C}.Release|Any CPU.Build.0 = Release|Any CPU
	EndGlobalSection
	GlobalSection(SolutionProperties) = preSolution
		HideSolutionNode = FALSE
	EndGlobalSection
EndGlobal
